
Microsoft Visual Studio Solution File, Format Version 12.00
# Visual Studio Version 16
VisualStudioVersion = 16.0.30907.101
MinimumVisualStudioVersion = 10.0.40219.1
Project("{FAE04EC0-301F-11D3-BF4B-00C04F79EFBC}") = "Web", "Web.csproj", "{A53C0B51-3AA3-4502-A929-2D851A56BE4F}"
EndProject
Global
	GlobalSection(SolutionConfigurationPlatforms) = preSolution
		Debug|Any CPU = Debug|Any CPU
		Release|Any CPU = Release|Any CPU
	EndGlobalSection
	GlobalSection(ProjectConfigurationPlatforms) = postSolution
		{A53C0B51-3AA3-4502-A929-2D851A56BE4F}.Debug|Any CPU.ActiveCfg = Debug|Any CPU
		{A53C0B51-3AA3-4502-A929-2D851A56BE4F}.Debug|Any CPU.Build.0 = Debug|Any CPU
		{A53C0B51-3AA3-4502-A929-2D851A56BE4F}.Release|Any CPU.ActiveCfg = Release|Any CPU
		{A53C0B51-3AA3-4502-A929-2D851A56BE4F}.Release|Any CPU.Build.0 = Release|Any CPU
	EndGlobalSection
	GlobalSection(SolutionProperties) = preSolution
		HideSolutionNode = FALSE
	EndGlobalSection
	GlobalSection(ExtensibilityGlobals) = postSolution
		SolutionGuid = {4A6EF040-1736-471D-AA6E-17C732985087}
	EndGlobalSection
EndGlobal
